{
  "nodes": {
    "commsdsl-src": {
      "flake": false,
      "locked": {
        "lastModified": 1719180849,
        "narHash": "sha256-KwmHsFEz3A7k9U8A77aaHKv60WRY2PsTD48Zt6sSGb8=",
        "owner": "commschamp",
        "repo": "commsdsl",
        "rev": "45ee0d357a0ab0e5002f42105ca91e36d87be70d",
        "type": "github"
      },
      "original": {
        "owner": "commschamp",
        "repo": "commsdsl",
        "type": "github"
      }
    },
    "commslib-src": {
      "flake": false,
      "locked": {
        "lastModified": 1722042815,
        "narHash": "sha256-cUhTmyPwMLnML18aEtSKBO93HAt3gUWBSNIxC3WspBE=",
        "owner": "RCMast3r",
        "repo": "comms",
        "rev": "363df4b25ef05647e0c15a130ba090cc13f181ee",
        "type": "github"
      },
      "original": {
        "owner": "RCMast3r",
        "repo": "comms",
        "type": "github"
      }
    },
    "devshell": {
      "inputs": {
        "nixpkgs": "nixpkgs"
      },
      "locked": {
        "lastModified": 1722113426,
        "narHash": "sha256-Yo/3loq572A8Su6aY5GP56knpuKYRvM2a1meP9oJZCw=",
        "owner": "numtide",
        "repo": "devshell",
        "rev": "67cce7359e4cd3c45296fb4aaf6a19e2a9c757ae",
        "type": "github"
      },
      "original": {
        "owner": "numtide",
        "repo": "devshell",
        "type": "github"
      }
    },
    "devshell_2": {
      "inputs": {
        "flake-utils": "flake-utils",
        "nixpkgs": "nixpkgs_3"
      },
      "locked": {
        "lastModified": 1721986491,
        "narHash": "sha256-lVAlUOIPszv5HMYQGscskeGdRIYpTY6xrPfEok0hHgI=",
        "owner": "numtide",
        "repo": "devshell",
        "rev": "cc8700135fb0740199ac248063f20c6b1a3c7e42",
        "type": "github"
      },
      "original": {
        "owner": "numtide",
        "repo": "devshell",
        "type": "github"
      }
    },
    "easy_cmake": {
      "inputs": {
        "flake-parts": "flake-parts",
        "nixpkgs": "nixpkgs_2"
      },
      "locked": {
        "lastModified": 1722065012,
        "narHash": "sha256-t5sDKfmN9isLJASCrvSzVEhbYH2mMeBrByMWvbpClmc=",
        "owner": "RCMast3r",
        "repo": "easy_cmake",
        "rev": "06cfd8aab9e0d0d636c45c6d6014e29ae8b669bd",
        "type": "github"
      },
      "original": {
        "owner": "RCMast3r",
        "repo": "easy_cmake",
        "type": "github"
      }
    },
    "flake-parts": {
      "inputs": {
        "nixpkgs-lib": "nixpkgs-lib"
      },
      "locked": {
        "lastModified": 1719994518,
        "narHash": "sha256-pQMhCCHyQGRzdfAkdJ4cIWiw+JNuWsTX7f0ZYSyz0VY=",
        "owner": "hercules-ci",
        "repo": "flake-parts",
        "rev": "9227223f6d922fee3c7b190b2cc238a99527bbb7",
        "type": "github"
      },
      "original": {
        "owner": "hercules-ci",
        "repo": "flake-parts",
        "type": "github"
      }
    },
    "flake-parts_2": {
      "inputs": {
        "nixpkgs-lib": "nixpkgs-lib_2"
      },
      "locked": {
        "lastModified": 1722555600,
        "narHash": "sha256-XOQkdLafnb/p9ij77byFQjDf5m5QYl9b2REiVClC+x4=",
        "owner": "hercules-ci",
        "repo": "flake-parts",
        "rev": "8471fe90ad337a8074e957b69ca4d0089218391d",
        "type": "github"
      },
      "original": {
        "owner": "hercules-ci",
        "repo": "flake-parts",
        "type": "github"
      }
    },
    "flake-parts_3": {
      "inputs": {
        "nixpkgs-lib": "nixpkgs-lib_3"
      },
      "locked": {
        "lastModified": 1719994518,
        "narHash": "sha256-pQMhCCHyQGRzdfAkdJ4cIWiw+JNuWsTX7f0ZYSyz0VY=",
        "owner": "hercules-ci",
        "repo": "flake-parts",
        "rev": "9227223f6d922fee3c7b190b2cc238a99527bbb7",
        "type": "github"
      },
      "original": {
        "owner": "hercules-ci",
        "repo": "flake-parts",
        "type": "github"
      }
    },
    "flake-utils": {
      "inputs": {
        "systems": "systems"
      },
      "locked": {
        "lastModified": 1701680307,
        "narHash": "sha256-kAuep2h5ajznlPMD9rnQyffWG8EM/C73lejGofXvdM8=",
        "owner": "numtide",
        "repo": "flake-utils",
        "rev": "4022d587cbbfd70fe950c1e2083a02621806a725",
        "type": "github"
      },
      "original": {
        "owner": "numtide",
        "repo": "flake-utils",
        "type": "github"
      }
    },
    "flow-ipc-src": {
      "flake": false,
      "locked": {
        "lastModified": 1711761908,
        "narHash": "sha256-BQjCVWKHfCq5/85w0LUrtGjZXz1N+HjEDfmH7mtLQo0=",
        "owner": "Flow-IPC",
        "repo": "flow",
        "rev": "c9a9ddb37fa02737f15c4a6761fd0397e4076d5f",
        "type": "github"
      },
      "original": {
        "owner": "Flow-IPC",
        "repo": "flow",
        "type": "github"
      }
    },
    "foxglove-schemas-src": {
      "flake": false,
      "locked": {
        "lastModified": 1721832154,
        "narHash": "sha256-Jp47MYWu3Sh60prjNALs1OaFnPZb7tXRNzFbSRZBXU0=",
        "owner": "foxglove",
        "repo": "schemas",
        "rev": "f028ba1154faa1226a9993cc2223855123dbf817",
        "type": "github"
      },
      "original": {
        "owner": "foxglove",
        "repo": "schemas",
        "type": "github"
      }
    },
    "foxglove-ws-protocol-src": {
      "flake": false,
      "locked": {
        "lastModified": 1722853931,
        "narHash": "sha256-iT3hUS4Cz1th4YYjr3eDPAJhotLSfsDVbMJV5UDO5fY=",
        "owner": "foxglove",
        "repo": "ws-protocol",
        "rev": "b45ef2c53d45b6ffdfc490a677c6bcb22763fc48",
        "type": "github"
      },
      "original": {
        "owner": "foxglove",
        "repo": "ws-protocol",
        "type": "github"
      }
    },
    "nebs-packages": {
      "inputs": {
        "commsdsl-src": "commsdsl-src",
        "commslib-src": "commslib-src",
        "devshell": "devshell_2",
        "flake-parts": "flake-parts_3",
        "flow-ipc-src": "flow-ipc-src",
        "foxglove-ws-protocol-src": "foxglove-ws-protocol-src",
        "nixpkgs": "nixpkgs_4"
      },
      "locked": {
        "lastModified": 1723083830,
        "narHash": "sha256-yomvaF7T1h4gcGZq4Iia9qK0BGfnlhHMjTcsoXcxkO0=",
        "owner": "RCMast3r",
        "repo": "nebs_packages",
        "rev": "f347043eb6ea560cbfc5f8441062418b58ff82ea",
        "type": "github"
      },
      "original": {
        "owner": "RCMast3r",
        "repo": "nebs_packages",
        "type": "github"
      }
    },
    "nix-filter": {
      "locked": {
        "lastModified": 1710156097,
        "narHash": "sha256-1Wvk8UP7PXdf8bCCaEoMnOT1qe5/Duqgj+rL8sRQsSM=",
        "owner": "numtide",
        "repo": "nix-filter",
        "rev": "3342559a24e85fc164b295c3444e8a139924675b",
        "type": "github"
      },
      "original": {
        "owner": "numtide",
        "repo": "nix-filter",
        "type": "github"
      }
    },
    "nix-proto": {
      "inputs": {
        "nix-filter": "nix-filter",
        "nix-std": "nix-std",
        "nixpkgs": "nixpkgs_5"
      },
      "locked": {
        "lastModified": 1719751843,
        "narHash": "sha256-cXMJuf7blujGjuix8ikve0BkBtjpeMpdcxDAHkXsoeI=",
        "owner": "notalltim",
        "repo": "nix-proto",
        "rev": "bfd72e21c0474e9baa9b051d1327b8b8d475b229",
        "type": "github"
      },
      "original": {
        "owner": "notalltim",
        "repo": "nix-proto",
        "type": "github"
      }
    },
    "nix-std": {
      "locked": {
        "lastModified": 1710870712,
        "narHash": "sha256-e+7MJF2gsgTBuOWv4mCimSP0D9+naeFSw9a7N3yEmv4=",
        "owner": "chessai",
        "repo": "nix-std",
        "rev": "31bbc925750cc9d8f828fe55cee1a2bd985e0c00",
        "type": "github"
      },
      "original": {
        "owner": "chessai",
        "repo": "nix-std",
        "type": "github"
      }
    },
    "nixpkgs": {
      "locked": {
        "lastModified": 1722073938,
        "narHash": "sha256-OpX0StkL8vpXyWOGUD6G+MA26wAXK6SpT94kLJXo6B4=",
        "owner": "NixOS",
        "repo": "nixpkgs",
        "rev": "e36e9f57337d0ff0cf77aceb58af4c805472bfae",
        "type": "github"
      },
      "original": {
        "owner": "NixOS",
        "ref": "nixpkgs-unstable",
        "repo": "nixpkgs",
        "type": "github"
      }
    },
    "nixpkgs-lib": {
      "locked": {
        "lastModified": 1719876945,
        "narHash": "sha256-Fm2rDDs86sHy0/1jxTOKB1118Q0O3Uc7EC0iXvXKpbI=",
        "type": "tarball",
        "url": "https://github.com/NixOS/nixpkgs/archive/5daf0514482af3f97abaefc78a6606365c9108e2.tar.gz"
      },
      "original": {
        "type": "tarball",
        "url": "https://github.com/NixOS/nixpkgs/archive/5daf0514482af3f97abaefc78a6606365c9108e2.tar.gz"
      }
    },
    "nixpkgs-lib_2": {
      "locked": {
        "lastModified": 1722555339,
        "narHash": "sha256-uFf2QeW7eAHlYXuDktm9c25OxOyCoUOQmh5SZ9amE5Q=",
        "type": "tarball",
        "url": "https://github.com/NixOS/nixpkgs/archive/a5d394176e64ab29c852d03346c1fc9b0b7d33eb.tar.gz"
      },
      "original": {
        "type": "tarball",
        "url": "https://github.com/NixOS/nixpkgs/archive/a5d394176e64ab29c852d03346c1fc9b0b7d33eb.tar.gz"
      }
    },
    "nixpkgs-lib_3": {
      "locked": {
        "lastModified": 1719876945,
        "narHash": "sha256-Fm2rDDs86sHy0/1jxTOKB1118Q0O3Uc7EC0iXvXKpbI=",
        "type": "tarball",
        "url": "https://github.com/NixOS/nixpkgs/archive/5daf0514482af3f97abaefc78a6606365c9108e2.tar.gz"
      },
      "original": {
        "type": "tarball",
        "url": "https://github.com/NixOS/nixpkgs/archive/5daf0514482af3f97abaefc78a6606365c9108e2.tar.gz"
      }
    },
    "nixpkgs_2": {
      "locked": {
        "lastModified": 1695825837,
        "narHash": "sha256-4Ne11kNRnQsmSJCRSSNkFRSnHC4Y5gPDBIQGjjPfJiU=",
        "owner": "NixOS",
        "repo": "nixpkgs",
        "rev": "5cfafa12d57374f48bcc36fda3274ada276cf69e",
        "type": "github"
      },
      "original": {
        "owner": "NixOS",
        "ref": "nixos-23.05",
        "repo": "nixpkgs",
        "type": "github"
      }
    },
    "nixpkgs_3": {
      "locked": {
        "lastModified": 1704161960,
        "narHash": "sha256-QGua89Pmq+FBAro8NriTuoO/wNaUtugt29/qqA8zeeM=",
        "owner": "NixOS",
        "repo": "nixpkgs",
        "rev": "63143ac2c9186be6d9da6035fa22620018c85932",
        "type": "github"
      },
      "original": {
        "owner": "NixOS",
        "ref": "nixpkgs-unstable",
        "repo": "nixpkgs",
        "type": "github"
      }
    },
    "nixpkgs_4": {
      "locked": {
        "lastModified": 1721949857,
        "narHash": "sha256-DID446r8KsmJhbCzx4el8d9SnPiE8qa6+eEQOJ40vR0=",
        "owner": "NixOS",
        "repo": "nixpkgs",
        "rev": "a1cc729dcbc31d9b0d11d86dc7436163548a9665",
        "type": "github"
      },
      "original": {
        "owner": "NixOS",
        "ref": "nixos-24.05",
        "repo": "nixpkgs",
        "type": "github"
      }
    },
    "nixpkgs_5": {
      "locked": {
        "lastModified": 1719426051,
        "narHash": "sha256-yJL9VYQhaRM7xs0M867ZFxwaONB9T2Q4LnGo1WovuR4=",
        "owner": "NixOS",
        "repo": "nixpkgs",
        "rev": "89c49874fb15f4124bf71ca5f42a04f2ee5825fd",
        "type": "github"
      },
      "original": {
        "owner": "NixOS",
        "ref": "nixos-24.05",
        "repo": "nixpkgs",
        "type": "github"
      }
    },
    "nixpkgs_6": {
      "locked": {
        "lastModified": 1722869614,
        "narHash": "sha256-7ojM1KSk3mzutD7SkrdSflHXEujPvW1u7QuqWoTLXQU=",
        "owner": "NixOS",
        "repo": "nixpkgs",
        "rev": "883180e6550c1723395a3a342f830bfc5c371f6b",
        "type": "github"
      },
      "original": {
        "owner": "NixOS",
        "ref": "nixos-24.05",
        "repo": "nixpkgs",
        "type": "github"
      }
    },
    "root": {
      "inputs": {
        "devshell": "devshell",
        "easy_cmake": "easy_cmake",
        "flake-parts": "flake-parts_2",
        "foxglove-schemas-src": "foxglove-schemas-src",
        "nebs-packages": "nebs-packages",
        "nix-proto": "nix-proto",
        "nixpkgs": "nixpkgs_6"
      }
    },
    "systems": {
      "locked": {
        "lastModified": 1681028828,
        "narHash": "sha256-Vy1rq5AaRuLzOxct8nz4T6wlgyUR7zLU309k9mBC768=",
        "owner": "nix-systems",
        "repo": "default",
        "rev": "da67096a3b9bf56a91d16901293e51ba5b49a27e",
        "type": "github"
      },
      "original": {
        "owner": "nix-systems",
        "repo": "default",
        "type": "github"
      }
    }
  },
  "root": "root",
  "version": 7
}
