{
  "nodes": {
    "commsdsl-src": {
      "flake": false,
      "locked": {
        "lastModified": 1719180849,
        "narHash": "sha256-KwmHsFEz3A7k9U8A77aaHKv60WRY2PsTD48Zt6sSGb8=",
        "owner": "commschamp",
        "repo": "commsdsl",
        "rev": "45ee0d357a0ab0e5002f42105ca91e36d87be70d",
        "type": "github"
      },
      "original": {
        "owner": "commschamp",
        "repo": "commsdsl",
        "type": "github"
      }
    },
    "commslib-src": {
      "flake": false,
      "locked": {
        "lastModified": 1722042815,
        "narHash": "sha256-cUhTmyPwMLnML18aEtSKBO93HAt3gUWBSNIxC3WspBE=",
        "owner": "RCMast3r",
        "repo": "comms",
        "rev": "363df4b25ef05647e0c15a130ba090cc13f181ee",
        "type": "github"
      },
      "original": {
        "owner": "RCMast3r",
        "repo": "comms",
        "type": "github"
      }
    },
    "devshell": {
      "inputs": {
        "nixpkgs": [
          "nixpkgs"
        ]
      },
      "locked": {
        "lastModified": 1722113426,
        "narHash": "sha256-Yo/3loq572A8Su6aY5GP56knpuKYRvM2a1meP9oJZCw=",
        "owner": "numtide",
        "repo": "devshell",
        "rev": "67cce7359e4cd3c45296fb4aaf6a19e2a9c757ae",
        "type": "github"
      },
      "original": {
        "owner": "numtide",
        "repo": "devshell",
        "type": "github"
      }
    },
    "devshell_2": {
      "inputs": {
        "nixpkgs": "nixpkgs"
      },
      "locked": {
        "lastModified": 1722113426,
        "narHash": "sha256-Yo/3loq572A8Su6aY5GP56knpuKYRvM2a1meP9oJZCw=",
        "owner": "numtide",
        "repo": "devshell",
        "rev": "67cce7359e4cd3c45296fb4aaf6a19e2a9c757ae",
        "type": "github"
      },
      "original": {
        "owner": "numtide",
        "repo": "devshell",
        "type": "github"
      }
    },
    "easy_cmake": {
      "inputs": {
        "flake-parts": "flake-parts",
        "nixpkgs": [
          "nixpkgs"
        ]
      },
      "locked": {
        "lastModified": 1722065012,
        "narHash": "sha256-t5sDKfmN9isLJASCrvSzVEhbYH2mMeBrByMWvbpClmc=",
        "owner": "RCMast3r",
        "repo": "easy_cmake",
        "rev": "06cfd8aab9e0d0d636c45c6d6014e29ae8b669bd",
        "type": "github"
      },
      "original": {
        "owner": "RCMast3r",
        "repo": "easy_cmake",
        "type": "github"
      }
    },
    "flake-parts": {
      "inputs": {
        "nixpkgs-lib": "nixpkgs-lib"
      },
      "locked": {
        "lastModified": 1719994518,
        "narHash": "sha256-pQMhCCHyQGRzdfAkdJ4cIWiw+JNuWsTX7f0ZYSyz0VY=",
        "owner": "hercules-ci",
        "repo": "flake-parts",
        "rev": "9227223f6d922fee3c7b190b2cc238a99527bbb7",
        "type": "github"
      },
      "original": {
        "owner": "hercules-ci",
        "repo": "flake-parts",
        "type": "github"
      }
    },
    "flake-parts_2": {
      "inputs": {
        "nixpkgs-lib": [
          "nixpkgs"
        ]
      },
      "locked": {
        "lastModified": 1722555600,
        "narHash": "sha256-XOQkdLafnb/p9ij77byFQjDf5m5QYl9b2REiVClC+x4=",
        "owner": "hercules-ci",
        "repo": "flake-parts",
        "rev": "8471fe90ad337a8074e957b69ca4d0089218391d",
        "type": "github"
      },
      "original": {
        "owner": "hercules-ci",
        "repo": "flake-parts",
        "type": "github"
      }
    },
    "flake-parts_3": {
      "inputs": {
        "nixpkgs-lib": "nixpkgs-lib_2"
      },
      "locked": {
        "lastModified": 1722555600,
        "narHash": "sha256-XOQkdLafnb/p9ij77byFQjDf5m5QYl9b2REiVClC+x4=",
        "owner": "hercules-ci",
        "repo": "flake-parts",
        "rev": "8471fe90ad337a8074e957b69ca4d0089218391d",
        "type": "github"
      },
      "original": {
        "owner": "hercules-ci",
        "repo": "flake-parts",
        "type": "github"
      }
    },
    "flow-ipc-src": {
      "flake": false,
      "locked": {
        "lastModified": 1711761908,
        "narHash": "sha256-BQjCVWKHfCq5/85w0LUrtGjZXz1N+HjEDfmH7mtLQo0=",
        "owner": "Flow-IPC",
        "repo": "flow",
        "rev": "c9a9ddb37fa02737f15c4a6761fd0397e4076d5f",
        "type": "github"
      },
      "original": {
        "owner": "Flow-IPC",
        "repo": "flow",
        "type": "github"
      }
    },
    "foxglove-schemas-src": {
      "flake": false,
      "locked": {
        "lastModified": 1721832154,
        "narHash": "sha256-Jp47MYWu3Sh60prjNALs1OaFnPZb7tXRNzFbSRZBXU0=",
        "owner": "foxglove",
        "repo": "schemas",
        "rev": "f028ba1154faa1226a9993cc2223855123dbf817",
        "type": "github"
      },
      "original": {
        "owner": "foxglove",
        "repo": "schemas",
        "type": "github"
      }
    },
    "foxglove-ws-protocol-src": {
      "flake": false,
      "locked": {
        "lastModified": 1723342974,
        "narHash": "sha256-H3+xOxcKwHyrbT1d5P4KvpoMCfj3mCK9mxeegeFIHmA=",
        "owner": "RCMast3r",
        "repo": "ws-protocol",
        "rev": "bdae89350a6d0b463fa648023171d10b6eb5d594",
        "type": "github"
      },
      "original": {
        "owner": "RCMast3r",
        "repo": "ws-protocol",
        "type": "github"
      }
    },
    "libsocketcanpp-src": {
      "flake": false,
      "locked": {
        "lastModified": 1722186873,
        "narHash": "sha256-/E8ADpod/1sgCO4cfJLkn5meTew9VnUnlh2hTMyU0BU=",
        "owner": "SimonCahill",
        "repo": "libsockcanpp",
        "rev": "bff1c8a2238580d82056dbb41e17a0feda18f00a",
        "type": "github"
      },
      "original": {
        "owner": "SimonCahill",
        "repo": "libsockcanpp",
        "type": "github"
      }
    },
    "nebs-packages": {
      "inputs": {
        "commsdsl-src": "commsdsl-src",
        "commslib-src": "commslib-src",
        "devshell": "devshell_2",
        "flake-parts": "flake-parts_3",
        "flow-ipc-src": "flow-ipc-src",
        "foxglove-ws-protocol-src": "foxglove-ws-protocol-src",
        "libsocketcanpp-src": "libsocketcanpp-src",
        "nix-proto": "nix-proto",
        "nixpkgs": [
          "nixpkgs"
        ]
      },
      "locked": {
        "lastModified": 1724157492,
        "narHash": "sha256-w4NmTcXPjt4HQK5yVT9p/CZAs0qYDI2FvTXmD2odS2c=",
        "owner": "RCMast3r",
        "repo": "nebs_packages",
        "rev": "217124e7f05ab3b53eeb7843b015dfe00efaf4da",
        "type": "github"
      },
      "original": {
        "owner": "RCMast3r",
        "repo": "nebs_packages",
        "type": "github"
      }
    },
    "nix-filter": {
      "locked": {
        "lastModified": 1710156097,
        "narHash": "sha256-1Wvk8UP7PXdf8bCCaEoMnOT1qe5/Duqgj+rL8sRQsSM=",
        "owner": "numtide",
        "repo": "nix-filter",
        "rev": "3342559a24e85fc164b295c3444e8a139924675b",
        "type": "github"
      },
      "original": {
        "owner": "numtide",
        "repo": "nix-filter",
        "type": "github"
      }
    },
    "nix-filter_2": {
      "locked": {
        "lastModified": 1710156097,
        "narHash": "sha256-1Wvk8UP7PXdf8bCCaEoMnOT1qe5/Duqgj+rL8sRQsSM=",
        "owner": "numtide",
        "repo": "nix-filter",
        "rev": "3342559a24e85fc164b295c3444e8a139924675b",
        "type": "github"
      },
      "original": {
        "owner": "numtide",
        "repo": "nix-filter",
        "type": "github"
      }
    },
    "nix-proto": {
      "inputs": {
        "nix-filter": "nix-filter",
        "nix-std": "nix-std",
        "nixpkgs": "nixpkgs_2"
      },
      "locked": {
        "lastModified": 1719751843,
        "narHash": "sha256-cXMJuf7blujGjuix8ikve0BkBtjpeMpdcxDAHkXsoeI=",
        "owner": "notalltim",
        "repo": "nix-proto",
        "rev": "bfd72e21c0474e9baa9b051d1327b8b8d475b229",
        "type": "github"
      },
      "original": {
        "owner": "notalltim",
        "repo": "nix-proto",
        "type": "github"
      }
    },
    "nix-proto_2": {
      "inputs": {
        "nix-filter": "nix-filter_2",
        "nix-std": "nix-std_2",
        "nixpkgs": [
          "nixpkgs"
        ]
      },
      "locked": {
        "lastModified": 1723991236,
        "narHash": "sha256-gGzv9rJaq/tTYuQOVlXgtSblfr66qWNthBvwTPjSRto=",
        "owner": "notalltim",
        "repo": "nix-proto",
        "rev": "0b579a596058d5f9ec423379f973ae34b6cb59f6",
        "type": "github"
      },
      "original": {
        "owner": "notalltim",
        "repo": "nix-proto",
        "type": "github"
      }
    },
    "nix-std": {
      "locked": {
        "lastModified": 1710870712,
        "narHash": "sha256-e+7MJF2gsgTBuOWv4mCimSP0D9+naeFSw9a7N3yEmv4=",
        "owner": "chessai",
        "repo": "nix-std",
        "rev": "31bbc925750cc9d8f828fe55cee1a2bd985e0c00",
        "type": "github"
      },
      "original": {
        "owner": "chessai",
        "repo": "nix-std",
        "type": "github"
      }
    },
    "nix-std_2": {
      "locked": {
        "lastModified": 1710870712,
        "narHash": "sha256-e+7MJF2gsgTBuOWv4mCimSP0D9+naeFSw9a7N3yEmv4=",
        "owner": "chessai",
        "repo": "nix-std",
        "rev": "31bbc925750cc9d8f828fe55cee1a2bd985e0c00",
        "type": "github"
      },
      "original": {
        "owner": "chessai",
        "repo": "nix-std",
        "type": "github"
      }
    },
    "nixpkgs": {
      "locked": {
        "lastModified": 1722073938,
        "narHash": "sha256-OpX0StkL8vpXyWOGUD6G+MA26wAXK6SpT94kLJXo6B4=",
        "owner": "NixOS",
        "repo": "nixpkgs",
        "rev": "e36e9f57337d0ff0cf77aceb58af4c805472bfae",
        "type": "github"
      },
      "original": {
        "owner": "NixOS",
        "ref": "nixpkgs-unstable",
        "repo": "nixpkgs",
        "type": "github"
      }
    },
    "nixpkgs-lib": {
      "locked": {
        "lastModified": 1719876945,
        "narHash": "sha256-Fm2rDDs86sHy0/1jxTOKB1118Q0O3Uc7EC0iXvXKpbI=",
        "type": "tarball",
        "url": "https://github.com/NixOS/nixpkgs/archive/5daf0514482af3f97abaefc78a6606365c9108e2.tar.gz"
      },
      "original": {
        "type": "tarball",
        "url": "https://github.com/NixOS/nixpkgs/archive/5daf0514482af3f97abaefc78a6606365c9108e2.tar.gz"
      }
    },
    "nixpkgs-lib_2": {
      "locked": {
        "lastModified": 1722555339,
        "narHash": "sha256-uFf2QeW7eAHlYXuDktm9c25OxOyCoUOQmh5SZ9amE5Q=",
        "type": "tarball",
        "url": "https://github.com/NixOS/nixpkgs/archive/a5d394176e64ab29c852d03346c1fc9b0b7d33eb.tar.gz"
      },
      "original": {
        "type": "tarball",
        "url": "https://github.com/NixOS/nixpkgs/archive/a5d394176e64ab29c852d03346c1fc9b0b7d33eb.tar.gz"
      }
    },
    "nixpkgs_2": {
      "locked": {
        "lastModified": 1719426051,
        "narHash": "sha256-yJL9VYQhaRM7xs0M867ZFxwaONB9T2Q4LnGo1WovuR4=",
        "owner": "NixOS",
        "repo": "nixpkgs",
        "rev": "89c49874fb15f4124bf71ca5f42a04f2ee5825fd",
        "type": "github"
      },
      "original": {
        "owner": "NixOS",
        "ref": "nixos-24.05",
        "repo": "nixpkgs",
        "type": "github"
      }
    },
    "nixpkgs_3": {
      "locked": {
        "lastModified": 1723282977,
        "narHash": "sha256-oTK91aOlA/4IsjNAZGMEBz7Sq1zBS0Ltu4/nIQdYDOg=",
        "owner": "NixOS",
        "repo": "nixpkgs",
        "rev": "a781ff33ae258bbcfd4ed6e673860c3e923bf2cc",
        "type": "github"
      },
      "original": {
        "owner": "NixOS",
        "ref": "nixos-24.05",
        "repo": "nixpkgs",
        "type": "github"
      }
    },
    "root": {
      "inputs": {
        "devshell": "devshell",
        "easy_cmake": "easy_cmake",
        "flake-parts": "flake-parts_2",
        "foxglove-schemas-src": "foxglove-schemas-src",
        "nebs-packages": "nebs-packages",
        "nix-proto": "nix-proto_2",
        "nixpkgs": "nixpkgs_3"
      }
    }
  },
  "root": "root",
  "version": 7
}
