{
  "nodes": {
    "HT_proto": {
      "flake": false,
      "locked": {
        "lastModified": 1728016061,
        "narHash": "sha256-buiz4WF69g9xjM0Ao3c8imWwoPqy6BHaIYa3wB3s3PY=",
        "owner": "hytech-racing",
        "repo": "HT_proto",
        "rev": "10bdc9671cef0021e3ecbbfaaf4ab9ae2434c67f",
        "type": "github"
      },
      "original": {
        "owner": "hytech-racing",
        "ref": "2024-10-04T04_27_55",
        "repo": "HT_proto",
        "type": "github"
      }
    },
    "asyncudp": {
      "inputs": {
        "nixpkgs": "nixpkgs",
        "utils": "utils"
      },
      "locked": {
        "lastModified": 1703090167,
        "narHash": "sha256-11OdjjAtV1/zlgElwuktGIeOJEbFabZsInXZ2tU7j0Q=",
        "owner": "RCMast3r",
        "repo": "asyncudp_nix",
        "rev": "f54de4e37119aef96d57d18860efdb49056fcb87",
        "type": "github"
      },
      "original": {
        "owner": "RCMast3r",
        "repo": "asyncudp_nix",
        "type": "github"
      }
    },
    "commsdsl-src": {
      "flake": false,
      "locked": {
        "lastModified": 1719180849,
        "narHash": "sha256-KwmHsFEz3A7k9U8A77aaHKv60WRY2PsTD48Zt6sSGb8=",
        "owner": "commschamp",
        "repo": "commsdsl",
        "rev": "45ee0d357a0ab0e5002f42105ca91e36d87be70d",
        "type": "github"
      },
      "original": {
        "owner": "commschamp",
        "repo": "commsdsl",
        "type": "github"
      }
    },
    "commslib-src": {
      "flake": false,
      "locked": {
        "lastModified": 1722042815,
        "narHash": "sha256-cUhTmyPwMLnML18aEtSKBO93HAt3gUWBSNIxC3WspBE=",
        "owner": "RCMast3r",
        "repo": "comms",
        "rev": "363df4b25ef05647e0c15a130ba090cc13f181ee",
        "type": "github"
      },
      "original": {
        "owner": "RCMast3r",
        "repo": "comms",
        "type": "github"
      }
    },
    "data_acq": {
      "inputs": {
        "asyncudp": "asyncudp",
        "flake-utils": "flake-utils",
        "foxglove-websocket": "foxglove-websocket",
        "ht_can_pkg_flake": [
          "ht_can"
        ],
        "mcap": "mcap",
        "mcap-protobuf": "mcap-protobuf",
        "nix-proto": [
          "nix-proto"
        ],
        "nixpkgs": [
          "nixpkgs"
        ],
        "utils": "utils_5"
      },
      "locked": {
        "lastModified": 1724726550,
        "narHash": "sha256-j07guYejRN1rNb5zHgXOlqL8XEQyQRIAbctNqHbI0ks=",
        "owner": "hytech-racing",
        "repo": "data_acq",
        "rev": "130812edea7414232a24f2f0dc1cb220fe72dc7d",
        "type": "github"
      },
      "original": {
        "owner": "hytech-racing",
        "ref": "feature/proto_gen_packaging_fix",
        "repo": "data_acq",
        "type": "github"
      }
    },
    "dbcppp-src": {
      "flake": false,
      "locked": {
        "lastModified": 1724362527,
        "narHash": "sha256-MYIXnzK/q/axl3uNDsLzfgfLweP5C52SHIf+TFRrqrQ=",
        "ref": "refs/heads/master",
        "rev": "9245a0f0b847c71e79dad8765350665226f4744a",
        "revCount": 508,
        "submodules": true,
        "type": "git",
        "url": "https://github.com/RCMast3r/dbcppp.git"
      },
      "original": {
        "submodules": true,
        "type": "git",
        "url": "https://github.com/RCMast3r/dbcppp.git"
      }
    },
    "devshell": {
      "inputs": {
        "nixpkgs": "nixpkgs_6"
      },
      "locked": {
        "lastModified": 1722113426,
        "narHash": "sha256-Yo/3loq572A8Su6aY5GP56knpuKYRvM2a1meP9oJZCw=",
        "owner": "numtide",
        "repo": "devshell",
        "rev": "67cce7359e4cd3c45296fb4aaf6a19e2a9c757ae",
        "type": "github"
      },
      "original": {
        "owner": "numtide",
        "repo": "devshell",
        "type": "github"
      }
    },
    "easy_cmake": {
      "inputs": {
        "nixpkgs": [
          "nixpkgs"
        ],
        "utils": "utils_6"
      },
      "locked": {
        "lastModified": 1696029959,
        "narHash": "sha256-TF8u57hb+0Vq/Z2fG9nE0/0iQV/bMb+v+eLtL76ttFM=",
        "owner": "RCMast3r",
        "repo": "easy_cmake",
        "rev": "5be1d78ff8383590a3cf5ed3680554d8e619489e",
        "type": "github"
      },
      "original": {
        "owner": "RCMast3r",
        "repo": "easy_cmake",
        "rev": "5be1d78ff8383590a3cf5ed3680554d8e619489e",
        "type": "github"
      }
    },
    "easy_cmake_2": {
      "inputs": {
        "nixpkgs": "nixpkgs_9",
        "utils": "utils_8"
      },
      "locked": {
        "lastModified": 1696029959,
        "narHash": "sha256-TF8u57hb+0Vq/Z2fG9nE0/0iQV/bMb+v+eLtL76ttFM=",
        "owner": "RCMast3r",
        "repo": "easy_cmake",
        "rev": "5be1d78ff8383590a3cf5ed3680554d8e619489e",
        "type": "github"
      },
      "original": {
        "owner": "RCMast3r",
        "repo": "easy_cmake",
        "rev": "5be1d78ff8383590a3cf5ed3680554d8e619489e",
        "type": "github"
      }
    },
    "flake-parts": {
      "inputs": {
        "nixpkgs-lib": [
          "nixpkgs"
        ]
      },
      "locked": {
        "lastModified": 1722555600,
        "narHash": "sha256-XOQkdLafnb/p9ij77byFQjDf5m5QYl9b2REiVClC+x4=",
        "owner": "hercules-ci",
        "repo": "flake-parts",
        "rev": "8471fe90ad337a8074e957b69ca4d0089218391d",
        "type": "github"
      },
      "original": {
        "owner": "hercules-ci",
        "repo": "flake-parts",
        "type": "github"
      }
    },
    "flake-parts_2": {
      "inputs": {
        "nixpkgs-lib": "nixpkgs-lib"
      },
      "locked": {
        "lastModified": 1726153070,
        "narHash": "sha256-HO4zgY0ekfwO5bX0QH/3kJ/h4KvUDFZg8YpkNwIbg1U=",
        "owner": "hercules-ci",
        "repo": "flake-parts",
        "rev": "bcef6817a8b2aa20a5a6dbb19b43e63c5bf8619a",
        "type": "github"
      },
      "original": {
        "owner": "hercules-ci",
        "repo": "flake-parts",
        "type": "github"
      }
    },
    "flake-utils": {
      "inputs": {
        "systems": "systems_2"
      },
      "locked": {
        "lastModified": 1710146030,
        "narHash": "sha256-SZ5L6eA7HJ/nmkzGG7/ISclqe6oZdOZTNoesiInkXPQ=",
        "owner": "numtide",
        "repo": "flake-utils",
        "rev": "b1d9ab70662946ef0850d488da1c9019f3a9752a",
        "type": "github"
      },
      "original": {
        "owner": "numtide",
        "repo": "flake-utils",
        "type": "github"
      }
    },
    "flow-ipc-src": {
      "flake": false,
      "locked": {
        "lastModified": 1711761908,
        "narHash": "sha256-BQjCVWKHfCq5/85w0LUrtGjZXz1N+HjEDfmH7mtLQo0=",
        "owner": "Flow-IPC",
        "repo": "flow",
        "rev": "c9a9ddb37fa02737f15c4a6761fd0397e4076d5f",
        "type": "github"
      },
      "original": {
        "owner": "Flow-IPC",
        "repo": "flow",
        "type": "github"
      }
    },
    "foxglove-mcap-src": {
      "flake": false,
      "locked": {
        "lastModified": 1726698516,
        "narHash": "sha256-0cTioEtjmQve5Nv89BCkXrmSM9Kmd1LMfWtFoZY3k7g=",
        "owner": "RCMast3r",
        "repo": "mcap",
        "rev": "66e34d5260e7499b0ce055dfa9d59a350be4f703",
        "type": "github"
      },
      "original": {
        "owner": "RCMast3r",
        "repo": "mcap",
        "type": "github"
      }
    },
    "foxglove-schemas-src": {
      "flake": false,
      "locked": {
        "lastModified": 1721832154,
        "narHash": "sha256-Jp47MYWu3Sh60prjNALs1OaFnPZb7tXRNzFbSRZBXU0=",
        "owner": "foxglove",
        "repo": "schemas",
        "rev": "f028ba1154faa1226a9993cc2223855123dbf817",
        "type": "github"
      },
      "original": {
        "owner": "foxglove",
        "repo": "schemas",
        "type": "github"
      }
    },
    "foxglove-websocket": {
      "inputs": {
        "nixpkgs": "nixpkgs_2",
        "utils": "utils_2"
      },
      "locked": {
        "lastModified": 1711401255,
        "narHash": "sha256-V9VX0LOHqXKoBuIY6gIsiU1WDDGZTGmOQULQ0YUur8s=",
        "owner": "RCMast3r",
        "repo": "py_foxglove_webserver_nix",
        "rev": "61b43a707534b3ea41fed1ccc9369d893178a7f4",
        "type": "github"
      },
      "original": {
        "owner": "RCMast3r",
        "repo": "py_foxglove_webserver_nix",
        "type": "github"
      }
    },
    "foxglove-ws-protocol-src": {
      "flake": false,
      "locked": {
        "lastModified": 1723342974,
        "narHash": "sha256-H3+xOxcKwHyrbT1d5P4KvpoMCfj3mCK9mxeegeFIHmA=",
        "owner": "RCMast3r",
        "repo": "ws-protocol",
        "rev": "bdae89350a6d0b463fa648023171d10b6eb5d594",
        "type": "github"
      },
      "original": {
        "owner": "RCMast3r",
        "repo": "ws-protocol",
        "type": "github"
      }
    },
    "ht_can": {
      "inputs": {
        "nixpkgs": [
          "nixpkgs"
        ],
        "utils": "utils_7"
      },
      "locked": {
        "lastModified": 1725563292,
        "narHash": "sha256-kaxoAcIdi/+X3hJXIK0d7h1RPNj3TA3sz2luWYAx1Rw=",
        "owner": "hytech-racing",
        "repo": "ht_can",
        "rev": "68ecba30855ee822d6f487b79401839044dd353b",
        "type": "github"
      },
      "original": {
        "owner": "hytech-racing",
        "ref": "121",
        "repo": "ht_can",
        "type": "github"
      }
    },
    "libsocketcanpp-src": {
      "flake": false,
      "locked": {
        "lastModified": 1722186873,
        "narHash": "sha256-/E8ADpod/1sgCO4cfJLkn5meTew9VnUnlh2hTMyU0BU=",
        "owner": "SimonCahill",
        "repo": "libsockcanpp",
        "rev": "bff1c8a2238580d82056dbb41e17a0feda18f00a",
        "type": "github"
      },
      "original": {
        "owner": "SimonCahill",
        "repo": "libsockcanpp",
        "type": "github"
      }
    },
    "matlab-math": {
      "inputs": {
        "nixpkgs": "nixpkgs_5"
      },
      "locked": {
        "lastModified": 1728028613,
        "narHash": "sha256-gOoy77WUPRoC+Cya691UeOwo+r30uiwFkI+3o8dQoC0=",
        "owner": "hytech-racing",
        "repo": "MATLAB-math",
        "rev": "96f1f9a3549605c6135fa468ab1503863bcd8a85",
        "type": "github"
      },
      "original": {
        "owner": "hytech-racing",
        "repo": "MATLAB-math",
        "type": "github"
      }
    },
    "mcap": {
      "inputs": {
        "nixpkgs": "nixpkgs_3",
        "utils": "utils_3"
      },
      "locked": {
        "lastModified": 1703036787,
        "narHash": "sha256-BlK4XJt2INVmYif2xIcjhW3Ab+xPSIKZxVKArujJyWg=",
        "owner": "RCMast3r",
        "repo": "py_mcap_nix",
        "rev": "d2bf2e32b22eb079eaac3df048febf11d9b00bab",
        "type": "github"
      },
      "original": {
        "owner": "RCMast3r",
        "repo": "py_mcap_nix",
        "type": "github"
      }
    },
    "mcap-protobuf": {
      "inputs": {
        "nixpkgs": "nixpkgs_4",
        "utils": "utils_4"
      },
      "locked": {
        "lastModified": 1703028946,
        "narHash": "sha256-TG/fWsKUSSMp9b9aL4XPF3oiV1A5lIs8Cf/NjLUGeVI=",
        "owner": "RCMast3r",
        "repo": "mcap-protobuf-support-flake",
        "rev": "55f0982a07c4589b34d7ebeb4f200958ea71d89c",
        "type": "github"
      },
      "original": {
        "owner": "RCMast3r",
        "repo": "mcap-protobuf-support-flake",
        "type": "github"
      }
    },
    "nebs-packages": {
      "inputs": {
        "commsdsl-src": "commsdsl-src",
        "commslib-src": "commslib-src",
        "dbcppp-src": "dbcppp-src",
        "devshell": "devshell",
        "flake-parts": "flake-parts_2",
        "flow-ipc-src": "flow-ipc-src",
        "foxglove-mcap-src": "foxglove-mcap-src",
        "foxglove-ws-protocol-src": "foxglove-ws-protocol-src",
        "libsocketcanpp-src": "libsocketcanpp-src",
        "nix-proto": "nix-proto",
        "nixpkgs": [
          "nixpkgs"
        ]
      },
      "locked": {
        "lastModified": 1726698542,
        "narHash": "sha256-bLsr4EKItuc2Bn45RGZ1yMUHp/epahxJyS1drbpQ/vA=",
        "owner": "RCMast3r",
        "repo": "nebs_packages",
        "rev": "1575dbda8450d63e6dcaab3fd8eeb8d182ab168b",
        "type": "github"
      },
      "original": {
        "owner": "RCMast3r",
        "repo": "nebs_packages",
        "type": "github"
      }
    },
    "nix-filter": {
      "locked": {
        "lastModified": 1710156097,
        "narHash": "sha256-1Wvk8UP7PXdf8bCCaEoMnOT1qe5/Duqgj+rL8sRQsSM=",
        "owner": "numtide",
        "repo": "nix-filter",
        "rev": "3342559a24e85fc164b295c3444e8a139924675b",
        "type": "github"
      },
      "original": {
        "owner": "numtide",
        "repo": "nix-filter",
        "type": "github"
      }
    },
    "nix-filter_2": {
      "locked": {
        "lastModified": 1710156097,
        "narHash": "sha256-1Wvk8UP7PXdf8bCCaEoMnOT1qe5/Duqgj+rL8sRQsSM=",
        "owner": "numtide",
        "repo": "nix-filter",
        "rev": "3342559a24e85fc164b295c3444e8a139924675b",
        "type": "github"
      },
      "original": {
        "owner": "numtide",
        "repo": "nix-filter",
        "type": "github"
      }
    },
    "nix-proto": {
      "inputs": {
        "nix-filter": "nix-filter",
        "nix-std": "nix-std",
        "nixpkgs": "nixpkgs_7"
      },
      "locked": {
        "lastModified": 1723991236,
        "narHash": "sha256-gGzv9rJaq/tTYuQOVlXgtSblfr66qWNthBvwTPjSRto=",
        "owner": "notalltim",
        "repo": "nix-proto",
        "rev": "0b579a596058d5f9ec423379f973ae34b6cb59f6",
        "type": "github"
      },
      "original": {
        "owner": "notalltim",
        "repo": "nix-proto",
        "type": "github"
      }
    },
    "nix-proto_2": {
      "inputs": {
        "nix-filter": "nix-filter_2",
        "nix-std": "nix-std_2",
        "nixpkgs": [
          "nixpkgs"
        ]
      },
      "locked": {
        "lastModified": 1723991236,
        "narHash": "sha256-gGzv9rJaq/tTYuQOVlXgtSblfr66qWNthBvwTPjSRto=",
        "owner": "notalltim",
        "repo": "nix-proto",
        "rev": "0b579a596058d5f9ec423379f973ae34b6cb59f6",
        "type": "github"
      },
      "original": {
        "owner": "notalltim",
        "repo": "nix-proto",
        "type": "github"
      }
    },
    "nix-std": {
      "locked": {
        "lastModified": 1710870712,
        "narHash": "sha256-e+7MJF2gsgTBuOWv4mCimSP0D9+naeFSw9a7N3yEmv4=",
        "owner": "chessai",
        "repo": "nix-std",
        "rev": "31bbc925750cc9d8f828fe55cee1a2bd985e0c00",
        "type": "github"
      },
      "original": {
        "owner": "chessai",
        "repo": "nix-std",
        "type": "github"
      }
    },
    "nix-std_2": {
      "locked": {
        "lastModified": 1710870712,
        "narHash": "sha256-e+7MJF2gsgTBuOWv4mCimSP0D9+naeFSw9a7N3yEmv4=",
        "owner": "chessai",
        "repo": "nix-std",
        "rev": "31bbc925750cc9d8f828fe55cee1a2bd985e0c00",
        "type": "github"
      },
      "original": {
        "owner": "chessai",
        "repo": "nix-std",
        "type": "github"
      }
    },
    "nixpkgs": {
      "locked": {
        "lastModified": 1702921762,
        "narHash": "sha256-O/rP7gulApQAB47u6szEd8Pn8Biw0d84j5iuP2tcxzY=",
        "owner": "NixOS",
        "repo": "nixpkgs",
        "rev": "d02ffbbe834b5599fc5f134e644e49397eb07188",
        "type": "github"
      },
      "original": {
        "owner": "NixOS",
        "ref": "nixos-23.11",
        "repo": "nixpkgs",
        "type": "github"
      }
    },
    "nixpkgs-lib": {
      "locked": {
        "lastModified": 1725233747,
        "narHash": "sha256-Ss8QWLXdr2JCBPcYChJhz4xJm+h/xjl4G0c0XlP6a74=",
        "type": "tarball",
        "url": "https://github.com/NixOS/nixpkgs/archive/356624c12086a18f2ea2825fed34523d60ccc4e3.tar.gz"
      },
      "original": {
        "type": "tarball",
        "url": "https://github.com/NixOS/nixpkgs/archive/356624c12086a18f2ea2825fed34523d60ccc4e3.tar.gz"
      }
    },
    "nixpkgs_10": {
      "locked": {
        "lastModified": 1695825837,
        "narHash": "sha256-4Ne11kNRnQsmSJCRSSNkFRSnHC4Y5gPDBIQGjjPfJiU=",
        "owner": "NixOS",
        "repo": "nixpkgs",
        "rev": "5cfafa12d57374f48bcc36fda3274ada276cf69e",
        "type": "github"
      },
      "original": {
        "owner": "NixOS",
        "ref": "nixos-23.05",
        "repo": "nixpkgs",
        "type": "github"
      }
    },
    "nixpkgs_2": {
      "locked": {
        "lastModified": 1702921762,
        "narHash": "sha256-O/rP7gulApQAB47u6szEd8Pn8Biw0d84j5iuP2tcxzY=",
        "owner": "NixOS",
        "repo": "nixpkgs",
        "rev": "d02ffbbe834b5599fc5f134e644e49397eb07188",
        "type": "github"
      },
      "original": {
        "owner": "NixOS",
        "ref": "nixos-23.11",
        "repo": "nixpkgs",
        "type": "github"
      }
    },
    "nixpkgs_3": {
      "locked": {
        "lastModified": 1702921762,
        "narHash": "sha256-O/rP7gulApQAB47u6szEd8Pn8Biw0d84j5iuP2tcxzY=",
        "owner": "NixOS",
        "repo": "nixpkgs",
        "rev": "d02ffbbe834b5599fc5f134e644e49397eb07188",
        "type": "github"
      },
      "original": {
        "owner": "NixOS",
        "ref": "nixos-23.11",
        "repo": "nixpkgs",
        "type": "github"
      }
    },
    "nixpkgs_4": {
      "locked": {
        "lastModified": 1702780907,
        "narHash": "sha256-blbrBBXjjZt6OKTcYX1jpe9SRof2P9ZYWPzq22tzXAA=",
        "owner": "NixOS",
        "repo": "nixpkgs",
        "rev": "1e2e384c5b7c50dbf8e9c441a9e58d85f408b01f",
        "type": "github"
      },
      "original": {
        "owner": "NixOS",
        "ref": "nixos-23.11",
        "repo": "nixpkgs",
        "type": "github"
      }
    },
    "nixpkgs_5": {
      "locked": {
        "lastModified": 1727802920,
        "narHash": "sha256-HP89HZOT0ReIbI7IJZJQoJgxvB2Tn28V6XS3MNKnfLs=",
        "owner": "nixos",
        "repo": "nixpkgs",
        "rev": "27e30d177e57d912d614c88c622dcfdb2e6e6515",
        "type": "github"
      },
      "original": {
        "owner": "nixos",
        "ref": "nixos-unstable",
        "repo": "nixpkgs",
        "type": "github"
      }
    },
    "nixpkgs_6": {
      "locked": {
        "lastModified": 1722073938,
        "narHash": "sha256-OpX0StkL8vpXyWOGUD6G+MA26wAXK6SpT94kLJXo6B4=",
        "owner": "NixOS",
        "repo": "nixpkgs",
        "rev": "e36e9f57337d0ff0cf77aceb58af4c805472bfae",
        "type": "github"
      },
      "original": {
        "owner": "NixOS",
        "ref": "nixpkgs-unstable",
        "repo": "nixpkgs",
        "type": "github"
      }
    },
    "nixpkgs_7": {
      "locked": {
        "lastModified": 1719426051,
        "narHash": "sha256-yJL9VYQhaRM7xs0M867ZFxwaONB9T2Q4LnGo1WovuR4=",
        "owner": "NixOS",
        "repo": "nixpkgs",
        "rev": "89c49874fb15f4124bf71ca5f42a04f2ee5825fd",
        "type": "github"
      },
      "original": {
        "owner": "NixOS",
        "ref": "nixos-24.05",
        "repo": "nixpkgs",
        "type": "github"
      }
    },
    "nixpkgs_8": {
      "locked": {
        "lastModified": 1724531977,
        "narHash": "sha256-XROVLf9ti4rrNCFLr+DmXRZtPjCQTW4cYy59owTEmxk=",
        "owner": "NixOS",
        "repo": "nixpkgs",
        "rev": "2527da1ef492c495d5391f3bcf9c1dd9f4514e32",
        "type": "github"
      },
      "original": {
        "owner": "NixOS",
        "ref": "nixos-24.05",
        "repo": "nixpkgs",
        "type": "github"
      }
    },
    "nixpkgs_9": {
      "locked": {
        "lastModified": 1695825837,
        "narHash": "sha256-4Ne11kNRnQsmSJCRSSNkFRSnHC4Y5gPDBIQGjjPfJiU=",
        "owner": "NixOS",
        "repo": "nixpkgs",
        "rev": "5cfafa12d57374f48bcc36fda3274ada276cf69e",
        "type": "github"
      },
      "original": {
        "owner": "NixOS",
        "ref": "nixos-23.05",
        "repo": "nixpkgs",
        "type": "github"
      }
    },
    "root": {
      "inputs": {
        "HT_proto": "HT_proto",
        "data_acq": "data_acq",
        "easy_cmake": "easy_cmake",
        "flake-parts": "flake-parts",
        "foxglove-schemas-src": "foxglove-schemas-src",
        "ht_can": "ht_can",
        "matlab-math": "matlab-math",
        "nebs-packages": "nebs-packages",
        "nix-proto": "nix-proto_2",
        "nixpkgs": "nixpkgs_8",
        "vn_driver_lib": "vn_driver_lib"
      }
    },
    "systems": {
      "locked": {
        "lastModified": 1681028828,
        "narHash": "sha256-Vy1rq5AaRuLzOxct8nz4T6wlgyUR7zLU309k9mBC768=",
        "owner": "nix-systems",
        "repo": "default",
        "rev": "da67096a3b9bf56a91d16901293e51ba5b49a27e",
        "type": "github"
      },
      "original": {
        "owner": "nix-systems",
        "repo": "default",
        "type": "github"
      }
    },
    "systems_10": {
      "locked": {
        "lastModified": 1681028828,
        "narHash": "sha256-Vy1rq5AaRuLzOxct8nz4T6wlgyUR7zLU309k9mBC768=",
        "owner": "nix-systems",
        "repo": "default",
        "rev": "da67096a3b9bf56a91d16901293e51ba5b49a27e",
        "type": "github"
      },
      "original": {
        "owner": "nix-systems",
        "repo": "default",
        "type": "github"
      }
    },
    "systems_2": {
      "locked": {
        "lastModified": 1681028828,
        "narHash": "sha256-Vy1rq5AaRuLzOxct8nz4T6wlgyUR7zLU309k9mBC768=",
        "owner": "nix-systems",
        "repo": "default",
        "rev": "da67096a3b9bf56a91d16901293e51ba5b49a27e",
        "type": "github"
      },
      "original": {
        "owner": "nix-systems",
        "repo": "default",
        "type": "github"
      }
    },
    "systems_3": {
      "locked": {
        "lastModified": 1681028828,
        "narHash": "sha256-Vy1rq5AaRuLzOxct8nz4T6wlgyUR7zLU309k9mBC768=",
        "owner": "nix-systems",
        "repo": "default",
        "rev": "da67096a3b9bf56a91d16901293e51ba5b49a27e",
        "type": "github"
      },
      "original": {
        "owner": "nix-systems",
        "repo": "default",
        "type": "github"
      }
    },
    "systems_4": {
      "locked": {
        "lastModified": 1681028828,
        "narHash": "sha256-Vy1rq5AaRuLzOxct8nz4T6wlgyUR7zLU309k9mBC768=",
        "owner": "nix-systems",
        "repo": "default",
        "rev": "da67096a3b9bf56a91d16901293e51ba5b49a27e",
        "type": "github"
      },
      "original": {
        "owner": "nix-systems",
        "repo": "default",
        "type": "github"
      }
    },
    "systems_5": {
      "locked": {
        "lastModified": 1681028828,
        "narHash": "sha256-Vy1rq5AaRuLzOxct8nz4T6wlgyUR7zLU309k9mBC768=",
        "owner": "nix-systems",
        "repo": "default",
        "rev": "da67096a3b9bf56a91d16901293e51ba5b49a27e",
        "type": "github"
      },
      "original": {
        "owner": "nix-systems",
        "repo": "default",
        "type": "github"
      }
    },
    "systems_6": {
      "locked": {
        "lastModified": 1681028828,
        "narHash": "sha256-Vy1rq5AaRuLzOxct8nz4T6wlgyUR7zLU309k9mBC768=",
        "owner": "nix-systems",
        "repo": "default",
        "rev": "da67096a3b9bf56a91d16901293e51ba5b49a27e",
        "type": "github"
      },
      "original": {
        "owner": "nix-systems",
        "repo": "default",
        "type": "github"
      }
    },
    "systems_7": {
      "locked": {
        "lastModified": 1681028828,
        "narHash": "sha256-Vy1rq5AaRuLzOxct8nz4T6wlgyUR7zLU309k9mBC768=",
        "owner": "nix-systems",
        "repo": "default",
        "rev": "da67096a3b9bf56a91d16901293e51ba5b49a27e",
        "type": "github"
      },
      "original": {
        "owner": "nix-systems",
        "repo": "default",
        "type": "github"
      }
    },
    "systems_8": {
      "locked": {
        "lastModified": 1681028828,
        "narHash": "sha256-Vy1rq5AaRuLzOxct8nz4T6wlgyUR7zLU309k9mBC768=",
        "owner": "nix-systems",
        "repo": "default",
        "rev": "da67096a3b9bf56a91d16901293e51ba5b49a27e",
        "type": "github"
      },
      "original": {
        "owner": "nix-systems",
        "repo": "default",
        "type": "github"
      }
    },
    "systems_9": {
      "locked": {
        "lastModified": 1681028828,
        "narHash": "sha256-Vy1rq5AaRuLzOxct8nz4T6wlgyUR7zLU309k9mBC768=",
        "owner": "nix-systems",
        "repo": "default",
        "rev": "da67096a3b9bf56a91d16901293e51ba5b49a27e",
        "type": "github"
      },
      "original": {
        "owner": "nix-systems",
        "repo": "default",
        "type": "github"
      }
    },
    "utils": {
      "inputs": {
        "systems": "systems"
      },
      "locked": {
        "lastModified": 1701680307,
        "narHash": "sha256-kAuep2h5ajznlPMD9rnQyffWG8EM/C73lejGofXvdM8=",
        "owner": "numtide",
        "repo": "flake-utils",
        "rev": "4022d587cbbfd70fe950c1e2083a02621806a725",
        "type": "github"
      },
      "original": {
        "owner": "numtide",
        "repo": "flake-utils",
        "type": "github"
      }
    },
    "utils_2": {
      "inputs": {
        "systems": "systems_3"
      },
      "locked": {
        "lastModified": 1701680307,
        "narHash": "sha256-kAuep2h5ajznlPMD9rnQyffWG8EM/C73lejGofXvdM8=",
        "owner": "numtide",
        "repo": "flake-utils",
        "rev": "4022d587cbbfd70fe950c1e2083a02621806a725",
        "type": "github"
      },
      "original": {
        "owner": "numtide",
        "repo": "flake-utils",
        "type": "github"
      }
    },
    "utils_3": {
      "inputs": {
        "systems": "systems_4"
      },
      "locked": {
        "lastModified": 1701680307,
        "narHash": "sha256-kAuep2h5ajznlPMD9rnQyffWG8EM/C73lejGofXvdM8=",
        "owner": "numtide",
        "repo": "flake-utils",
        "rev": "4022d587cbbfd70fe950c1e2083a02621806a725",
        "type": "github"
      },
      "original": {
        "owner": "numtide",
        "repo": "flake-utils",
        "type": "github"
      }
    },
    "utils_4": {
      "inputs": {
        "systems": "systems_5"
      },
      "locked": {
        "lastModified": 1701680307,
        "narHash": "sha256-kAuep2h5ajznlPMD9rnQyffWG8EM/C73lejGofXvdM8=",
        "owner": "numtide",
        "repo": "flake-utils",
        "rev": "4022d587cbbfd70fe950c1e2083a02621806a725",
        "type": "github"
      },
      "original": {
        "owner": "numtide",
        "repo": "flake-utils",
        "type": "github"
      }
    },
    "utils_5": {
      "inputs": {
        "systems": "systems_6"
      },
      "locked": {
        "lastModified": 1710146030,
        "narHash": "sha256-SZ5L6eA7HJ/nmkzGG7/ISclqe6oZdOZTNoesiInkXPQ=",
        "owner": "numtide",
        "repo": "flake-utils",
        "rev": "b1d9ab70662946ef0850d488da1c9019f3a9752a",
        "type": "github"
      },
      "original": {
        "owner": "numtide",
        "repo": "flake-utils",
        "type": "github"
      }
    },
    "utils_6": {
      "inputs": {
        "systems": "systems_7"
      },
      "locked": {
        "lastModified": 1694529238,
        "narHash": "sha256-zsNZZGTGnMOf9YpHKJqMSsa0dXbfmxeoJ7xHlrt+xmY=",
        "owner": "numtide",
        "repo": "flake-utils",
        "rev": "ff7b65b44d01cf9ba6a71320833626af21126384",
        "type": "github"
      },
      "original": {
        "owner": "numtide",
        "repo": "flake-utils",
        "type": "github"
      }
    },
    "utils_7": {
      "inputs": {
        "systems": "systems_8"
      },
      "locked": {
        "lastModified": 1705309234,
        "narHash": "sha256-uNRRNRKmJyCRC/8y1RqBkqWBLM034y4qN7EprSdmgyA=",
        "owner": "numtide",
        "repo": "flake-utils",
        "rev": "1ef2e671c3b0c19053962c07dbda38332dcebf26",
        "type": "github"
      },
      "original": {
        "owner": "numtide",
        "repo": "flake-utils",
        "type": "github"
      }
    },
    "utils_8": {
      "inputs": {
        "systems": "systems_9"
      },
      "locked": {
        "lastModified": 1694529238,
        "narHash": "sha256-zsNZZGTGnMOf9YpHKJqMSsa0dXbfmxeoJ7xHlrt+xmY=",
        "owner": "numtide",
        "repo": "flake-utils",
        "rev": "ff7b65b44d01cf9ba6a71320833626af21126384",
        "type": "github"
      },
      "original": {
        "owner": "numtide",
        "repo": "flake-utils",
        "type": "github"
      }
    },
    "utils_9": {
      "inputs": {
        "systems": "systems_10"
      },
      "locked": {
        "lastModified": 1694529238,
        "narHash": "sha256-zsNZZGTGnMOf9YpHKJqMSsa0dXbfmxeoJ7xHlrt+xmY=",
        "owner": "numtide",
        "repo": "flake-utils",
        "rev": "ff7b65b44d01cf9ba6a71320833626af21126384",
        "type": "github"
      },
      "original": {
        "owner": "numtide",
        "repo": "flake-utils",
        "type": "github"
      }
    },
    "vn_driver_lib": {
      "inputs": {
        "easy_cmake": "easy_cmake_2",
        "nixpkgs": "nixpkgs_10",
        "utils": "utils_9"
      },
      "locked": {
        "lastModified": 1727972954,
        "narHash": "sha256-rBVNGm52+468L2syDd3ZR770CxWtLYxZnlsRcioUqwE=",
        "owner": "RCMast3r",
        "repo": "vn_driver_lib",
        "rev": "f1ab135475bcac579b534fd082b7b7dea425b09a",
        "type": "github"
      },
      "original": {
        "owner": "RCMast3r",
        "ref": "fix/boost-compatible",
        "repo": "vn_driver_lib",
        "type": "github"
      }
    }
  },
  "root": "root",
  "version": 7
}
